// !$*UTF8*$!
{
	archiveVersion = 1;
	classes = {
	};
	objectVersion = 51;
	objects = {

/* Begin PBXBuildFile section */
		19765567FB4326805D500889 /* Pods_Tutorial_XLPagerTabStrip.framework in Frameworks */ = {isa = PBXBuildFile; fileRef = 66060F52B60C181C7A050AC6 /* Pods_Tutorial_XLPagerTabStrip.framework */; };
		F69C3B5925E2BEF10083D9C4 /* AppDelegate.swift in Sources */ = {isa = PBXBuildFile; fileRef = F69C3B5825E2BEF10083D9C4 /* AppDelegate.swift */; };
		F69C3B5B25E2BEF10083D9C4 /* SceneDelegate.swift in Sources */ = {isa = PBXBuildFile; fileRef = F69C3B5A25E2BEF10083D9C4 /* SceneDelegate.swift */; };
		F69C3B5D25E2BEF10083D9C4 /* ViewController.swift in Sources */ = {isa = PBXBuildFile; fileRef = F69C3B5C25E2BEF10083D9C4 /* ViewController.swift */; };
		F69C3B6225E2BEF30083D9C4 /* Assets.xcassets in Resources */ = {isa = PBXBuildFile; fileRef = F69C3B6125E2BEF30083D9C4 /* Assets.xcassets */; };
		F69C3B6525E2BEF30083D9C4 /* LaunchScreen.storyboard in Resources */ = {isa = PBXBuildFile; fileRef = F69C3B6325E2BEF30083D9C4 /* LaunchScreen.storyboard */; };
		F69C3B7325E2C14A0083D9C4 /* ChildViewController.swift in Sources */ = {isa = PBXBuildFile; fileRef = F69C3B7225E2C14A0083D9C4 /* ChildViewController.swift */; };
		F69C3B7B25E2C8DB0083D9C4 /* Main.storyboard in Resources */ = {isa = PBXBuildFile; fileRef = F69C3B7A25E2C8DB0083D9C4 /* Main.storyboard */; };
/* End PBXBuildFile section */

/* Begin PBXFileReference section */
		434B932D84A9EA899A7B1967 /* Pods-Tutorial_XLPagerTabStrip.release.xcconfig */ = {isa = PBXFileReference; includeInIndex = 1; lastKnownFileType = text.xcconfig; name = "Pods-Tutorial_XLPagerTabStrip.release.xcconfig"; path = "Target Support Files/Pods-Tutorial_XLPagerTabStrip/Pods-Tutorial_XLPagerTabStrip.release.xcconfig"; sourceTree = "<group>"; };
		66060F52B60C181C7A050AC6 /* Pods_Tutorial_XLPagerTabStrip.framework */ = {isa = PBXFileReference; explicitFileType = wrapper.framework; includeInIndex = 0; path = Pods_Tutorial_XLPagerTabStrip.framework; sourceTree = BUILT_PRODUCTS_DIR; };
		9009CCA36CE0DB95048B1FB5 /* Pods-Tutorial_XLPagerTabStrip.debug.xcconfig */ = {isa = PBXFileReference; includeInIndex = 1; lastKnownFileType = text.xcconfig; name = "Pods-Tutorial_XLPagerTabStrip.debug.xcconfig"; path = "Target Support Files/Pods-Tutorial_XLPagerTabStrip/Pods-Tutorial_XLPagerTabStrip.debug.xcconfig"; sourceTree = "<group>"; };
		F69C3B5525E2BEF10083D9C4 /* Tutorial_XLPagerTabStrip.app */ = {isa = PBXFileReference; explicitFileType = wrapper.application; includeInIndex = 0; path = Tutorial_XLPagerTabStrip.app; sourceTree = BUILT_PRODUCTS_DIR; };
		F69C3B5825E2BEF10083D9C4 /* AppDelegate.swift */ = {isa = PBXFileReference; lastKnownFileType = sourcecode.swift; path = AppDelegate.swift; sourceTree = "<group>"; };
		F69C3B5A25E2BEF10083D9C4 /* SceneDelegate.swift */ = {isa = PBXFileReference; lastKnownFileType = sourcecode.swift; path = SceneDelegate.swift; sourceTree = "<group>"; };
		F69C3B5C25E2BEF10083D9C4 /* ViewController.swift */ = {isa = PBXFileReference; lastKnownFileType = sourcecode.swift; path = ViewController.swift; sourceTree = "<group>"; };
		F69C3B6125E2BEF30083D9C4 /* Assets.xcassets */ = {isa = PBXFileReference; lastKnownFileType = folder.assetcatalog; path = Assets.xcassets; sourceTree = "<group>"; };
		F69C3B6425E2BEF30083D9C4 /* Base */ = {isa = PBXFileReference; lastKnownFileType = file.storyboard; name = Base; path = Base.lproj/LaunchScreen.storyboard; sourceTree = "<group>"; };
		F69C3B6625E2BEF30083D9C4 /* Info.plist */ = {isa = PBXFileReference; lastKnownFileType = text.plist.xml; path = Info.plist; sourceTree = "<group>"; };
		F69C3B7225E2C14A0083D9C4 /* ChildViewController.swift */ = {isa = PBXFileReference; lastKnownFileType = sourcecode.swift; path = ChildViewController.swift; sourceTree = "<group>"; };
		F69C3B7A25E2C8DB0083D9C4 /* Main.storyboard */ = {isa = PBXFileReference; fileEncoding = 4; lastKnownFileType = file.storyboard; path = Main.storyboard; sourceTree = "<group>"; };
/* End PBXFileReference section */

/* Begin PBXFrameworksBuildPhase section */
		F69C3B5225E2BEF10083D9C4 /* Frameworks */ = {
			isa = PBXFrameworksBuildPhase;
			buildActionMask = 2147483647;
			files = (
				19765567FB4326805D500889 /* Pods_Tutorial_XLPagerTabStrip.framework in Frameworks */,
			);
			runOnlyForDeploymentPostprocessing = 0;
		};
/* End PBXFrameworksBuildPhase section */

/* Begin PBXGroup section */
		5BDE2224676802F8988E40C4 /* Pods */ = {
			isa = PBXGroup;
			children = (
				9009CCA36CE0DB95048B1FB5 /* Pods-Tutorial_XLPagerTabStrip.debug.xcconfig */,
				434B932D84A9EA899A7B1967 /* Pods-Tutorial_XLPagerTabStrip.release.xcconfig */,
			);
			path = Pods;
			sourceTree = "<group>";
		};
		7BE477B6B7504443E1E1A45E /* Frameworks */ = {
			isa = PBXGroup;
			children = (
				66060F52B60C181C7A050AC6 /* Pods_Tutorial_XLPagerTabStrip.framework */,
			);
			name = Frameworks;
			sourceTree = "<group>";
		};
		F69C3B4C25E2BEF10083D9C4 = {
			isa = PBXGroup;
			children = (
				F69C3B5725E2BEF10083D9C4 /* Tutorial_XLPagerTabStrip */,
				F69C3B5625E2BEF10083D9C4 /* Products */,
				5BDE2224676802F8988E40C4 /* Pods */,
				7BE477B6B7504443E1E1A45E /* Frameworks */,
			);
			sourceTree = "<group>";
		};
		F69C3B5625E2BEF10083D9C4 /* Products */ = {
			isa = PBXGroup;
			children = (
				F69C3B5525E2BEF10083D9C4 /* Tutorial_XLPagerTabStrip.app */,
			);
			name = Products;
			sourceTree = "<group>";
		};
		F69C3B5725E2BEF10083D9C4 /* Tutorial_XLPagerTabStrip */ = {
			isa = PBXGroup;
			children = (
				F69C3B7A25E2C8DB0083D9C4 /* Main.storyboard */,
				F69C3B5825E2BEF10083D9C4 /* AppDelegate.swift */,
				F69C3B5A25E2BEF10083D9C4 /* SceneDelegate.swift */,
				F69C3B5C25E2BEF10083D9C4 /* ViewController.swift */,
				F69C3B7225E2C14A0083D9C4 /* ChildViewController.swift */,
				F69C3B6125E2BEF30083D9C4 /* Assets.xcassets */,
				F69C3B6325E2BEF30083D9C4 /* LaunchScreen.storyboard */,
				F69C3B6625E2BEF30083D9C4 /* Info.plist */,
			);
			path = Tutorial_XLPagerTabStrip;
			sourceTree = "<group>";
		};
/* End PBXGroup section */

/* Begin PBXNativeTarget section */
		F69C3B5425E2BEF10083D9C4 /* Tutorial_XLPagerTabStrip */ = {
			isa = PBXNativeTarget;
			buildConfigurationList = F69C3B6925E2BEF30083D9C4 /* Build configuration list for PBXNativeTarget "Tutorial_XLPagerTabStrip" */;
			buildPhases = (
				DA1E5D5D2ADC67F08F34CB24 /* [CP] Check Pods Manifest.lock */,
				F69C3B5125E2BEF10083D9C4 /* Sources */,
				F69C3B5225E2BEF10083D9C4 /* Frameworks */,
				F69C3B5325E2BEF10083D9C4 /* Resources */,
				6F33B7489E0A2AE1008FEEDB /* [CP] Embed Pods Frameworks */,
			);
			buildRules = (
			);
			dependencies = (
			);
			name = Tutorial_XLPagerTabStrip;
			productName = Tutorial_XLPagerTabStrip;
			productReference = F69C3B5525E2BEF10083D9C4 /* Tutorial_XLPagerTabStrip.app */;
			productType = "com.apple.product-type.application";
		};
/* End PBXNativeTarget section */

/* Begin PBXProject section */
		F69C3B4D25E2BEF10083D9C4 /* Project object */ = {
			isa = PBXProject;
			attributes = {
				LastSwiftUpdateCheck = 1240;
				LastUpgradeCheck = 1240;
				TargetAttributes = {
					F69C3B5425E2BEF10083D9C4 = {
						CreatedOnToolsVersion = 12.4;
					};
				};
			};
			buildConfigurationList = F69C3B5025E2BEF10083D9C4 /* Build configuration list for PBXProject "Tutorial_XLPagerTabStrip" */;
			compatibilityVersion = "Xcode 9.3";
			developmentRegion = en;
			hasScannedForEncodings = 0;
			knownRegions = (
				en,
				Base,
			);
			mainGroup = F69C3B4C25E2BEF10083D9C4;
			productRefGroup = F69C3B5625E2BEF10083D9C4 /* Products */;
			projectDirPath = "";
			projectRoot = "";
			targets = (
				F69C3B5425E2BEF10083D9C4 /* Tutorial_XLPagerTabStrip */,
			);
		};
/* End PBXProject section */

/* Begin PBXResourcesBuildPhase section */
		F69C3B5325E2BEF10083D9C4 /* Resources */ = {
			isa = PBXResourcesBuildPhase;
			buildActionMask = 2147483647;
			files = (
				F69C3B7B25E2C8DB0083D9C4 /* Main.storyboard in Resources */,
				F69C3B6525E2BEF30083D9C4 /* LaunchScreen.storyboard in Resources */,
				F69C3B6225E2BEF30083D9C4 /* Assets.xcassets in Resources */,
			);
			runOnlyForDeploymentPostprocessing = 0;
		};
/* End PBXResourcesBuildPhase section */

/* Begin PBXShellScriptBuildPhase section */
		6F33B7489E0A2AE1008FEEDB /* [CP] Embed Pods Frameworks */ = {
			isa = PBXShellScriptBuildPhase;
			buildActionMask = 2147483647;
			files = (
			);
			inputFileListPaths = (
				"${PODS_ROOT}/Target Support Files/Pods-Tutorial_XLPagerTabStrip/Pods-Tutorial_XLPagerTabStrip-frameworks-${CONFIGURATION}-input-files.xcfilelist",
			);
			name = "[CP] Embed Pods Frameworks";
			outputFileListPaths = (
				"${PODS_ROOT}/Target Support Files/Pods-Tutorial_XLPagerTabStrip/Pods-Tutorial_XLPagerTabStrip-frameworks-${CONFIGURATION}-output-files.xcfilelist",
			);
			runOnlyForDeploymentPostprocessing = 0;
			shellPath = /bin/sh;
			shellScript = "\"${PODS_ROOT}/Target Support Files/Pods-Tutorial_XLPagerTabStrip/Pods-Tutorial_XLPagerTabStrip-frameworks.sh\"\n";
			showEnvVarsInLog = 0;
		};
		DA1E5D5D2ADC67F08F34CB24 /* [CP] Check Pods Manifest.lock */ = {
			isa = PBXShellScriptBuildPhase;
			buildActionMask = 2147483647;
			files = (
			);
			inputFileListPaths = (
			);
			inputPaths = (
				"${PODS_PODFILE_DIR_PATH}/Podfile.lock",
				"${PODS_ROOT}/Manifest.lock",
			);
			name = "[CP] Check Pods Manifest.lock";
			outputFileListPaths = (
			);
			outputPaths = (
				"$(DERIVED_FILE_DIR)/Pods-Tutorial_XLPagerTabStrip-checkManifestLockResult.txt",
			);
			runOnlyForDeploymentPostprocessing = 0;
			shellPath = /bin/sh;
			shellScript = "diff \"${PODS_PODFILE_DIR_PATH}/Podfile.lock\" \"${PODS_ROOT}/Manifest.lock\" > /dev/null\nif [ $? != 0 ] ; then\n    # print error to STDERR\n    echo \"error: The sandbox is not in sync with the Podfile.lock. Run 'pod install' or update your CocoaPods installation.\" >&2\n    exit 1\nfi\n# This output is used by Xcode 'outputs' to avoid re-running this script phase.\necho \"SUCCESS\" > \"${SCRIPT_OUTPUT_FILE_0}\"\n";
			showEnvVarsInLog = 0;
		};
/* End PBXShellScriptBuildPhase section */

/* Begin PBXSourcesBuildPhase section */
		F69C3B5125E2BEF10083D9C4 /* Sources */ = {
			isa = PBXSourcesBuildPhase;
			buildActionMask = 2147483647;
			files = (
				F69C3B5D25E2BEF10083D9C4 /* ViewController.swift in Sources */,
				F69C3B5925E2BEF10083D9C4 /* AppDelegate.swift in Sources */,
				F69C3B7325E2C14A0083D9C4 /* ChildViewController.swift in Sources */,
				F69C3B5B25E2BEF10083D9C4 /* SceneDelegate.swift in Sources */,
			);
			runOnlyForDeploymentPostprocessing = 0;
		};
/* End PBXSourcesBuildPhase section */

/* Begin PBXVariantGroup section */
		F69C3B6325E2BEF30083D9C4 /* LaunchScreen.storyboard */ = {
			isa = PBXVariantGroup;
			children = (
				F69C3B6425E2BEF30083D9C4 /* Base */,
			);
			name = LaunchScreen.storyboard;
			sourceTree = "<group>";
		};
/* End PBXVariantGroup section */

/* Begin XCBuildConfiguration section */
		F69C3B6725E2BEF30083D9C4 /* Debug */ = {
			isa = XCBuildConfiguration;
			buildSettings = {
				ALWAYS_SEARCH_USER_PATHS = NO;
				CLANG_ANALYZER_NONNULL = YES;
				CLANG_ANALYZER_NUMBER_OBJECT_CONVERSION = YES_AGGRESSIVE;
				CLANG_CXX_LANGUAGE_STANDARD = "gnu++14";
				CLANG_CXX_LIBRARY = "libc++";
				CLANG_ENABLE_MODULES = YES;
				CLANG_ENABLE_OBJC_ARC = YES;
				CLANG_ENABLE_OBJC_WEAK = YES;
				CLANG_WARN_BLOCK_CAPTURE_AUTORELEASING = YES;
				CLANG_WARN_BOOL_CONVERSION = YES;
				CLANG_WARN_COMMA = YES;
				CLANG_WARN_CONSTANT_CONVERSION = YES;
				CLANG_WARN_DEPRECATED_OBJC_IMPLEMENTATIONS = YES;
				CLANG_WARN_DIRECT_OBJC_ISA_USAGE = YES_ERROR;
				CLANG_WARN_DOCUMENTATION_COMMENTS = YES;
				CLANG_WARN_EMPTY_BODY = YES;
				CLANG_WARN_ENUM_CONVERSION = YES;
				CLANG_WARN_INFINITE_RECURSION = YES;
				CLANG_WARN_INT_CONVERSION = YES;
				CLANG_WARN_NON_LITERAL_NULL_CONVERSION = YES;
				CLANG_WARN_OBJC_IMPLICIT_RETAIN_SELF = YES;
				CLANG_WARN_OBJC_LITERAL_CONVERSION = YES;
				CLANG_WARN_OBJC_ROOT_CLASS = YES_ERROR;
				CLANG_WARN_QUOTED_INCLUDE_IN_FRAMEWORK_HEADER = YES;
				CLANG_WARN_RANGE_LOOP_ANALYSIS = YES;
				CLANG_WARN_STRICT_PROTOTYPES = YES;
				CLANG_WARN_SUSPICIOUS_MOVE = YES;
				CLANG_WARN_UNGUARDED_AVAILABILITY = YES_AGGRESSIVE;
				CLANG_WARN_UNREACHABLE_CODE = YES;
				CLANG_WARN__DUPLICATE_METHOD_MATCH = YES;
				COPY_PHASE_STRIP = NO;
				DEBUG_INFORMATION_FORMAT = dwarf;
				ENABLE_STRICT_OBJC_MSGSEND = YES;
				ENABLE_TESTABILITY = YES;
				GCC_C_LANGUAGE_STANDARD = gnu11;
				GCC_DYNAMIC_NO_PIC = NO;
				GCC_NO_COMMON_BLOCKS = YES;
				GCC_OPTIMIZATION_LEVEL = 0;
				GCC_PREPROCESSOR_DEFINITIONS = (
					"DEBUG=1",
					"$(inherited)",
				);
				GCC_WARN_64_TO_32_BIT_CONVERSION = YES;
				GCC_WARN_ABOUT_RETURN_TYPE = YES_ERROR;
				GCC_WARN_UNDECLARED_SELECTOR = YES;
				GCC_WARN_UNINITIALIZED_AUTOS = YES_AGGRESSIVE;
				GCC_WARN_UNUSED_FUNCTION = YES;
				GCC_WARN_UNUSED_VARIABLE = YES;
				IPHONEOS_DEPLOYMENT_TARGET = 14.4;
				MTL_ENABLE_DEBUG_INFO = INCLUDE_SOURCE;
				MTL_FAST_MATH = YES;
				ONLY_ACTIVE_ARCH = YES;
				SDKROOT = iphoneos;
				SWIFT_ACTIVE_COMPILATION_CONDITIONS = DEBUG;
				SWIFT_OPTIMIZATION_LEVEL = "-Onone";
			};
			name = Debug;
		};
		F69C3B6825E2BEF30083D9C4 /* Release */ = {
			isa = XCBuildConfiguration;
			buildSettings = {
				ALWAYS_SEARCH_USER_PATHS = NO;
				CLANG_ANALYZER_NONNULL = YES;
				CLANG_ANALYZER_NUMBER_OBJECT_CONVERSION = YES_AGGRESSIVE;
				CLANG_CXX_LANGUAGE_STANDARD = "gnu++14";
				CLANG_CXX_LIBRARY = "libc++";
				CLANG_ENABLE_MODULES = YES;
				CLANG_ENABLE_OBJC_ARC = YES;
				CLANG_ENABLE_OBJC_WEAK = YES;
				CLANG_WARN_BLOCK_CAPTURE_AUTORELEASING = YES;
				CLANG_WARN_BOOL_CONVERSION = YES;
				CLANG_WARN_COMMA = YES;
				CLANG_WARN_CONSTANT_CONVERSION = YES;
				CLANG_WARN_DEPRECATED_OBJC_IMPLEMENTATIONS = YES;
				CLANG_WARN_DIRECT_OBJC_ISA_USAGE = YES_ERROR;
				CLANG_WARN_DOCUMENTATION_COMMENTS = YES;
				CLANG_WARN_EMPTY_BODY = YES;
				CLANG_WARN_ENUM_CONVERSION = YES;
				CLANG_WARN_INFINITE_RECURSION = YES;
				CLANG_WARN_INT_CONVERSION = YES;
				CLANG_WARN_NON_LITERAL_NULL_CONVERSION = YES;
				CLANG_WARN_OBJC_IMPLICIT_RETAIN_SELF = YES;
				CLANG_WARN_OBJC_LITERAL_CONVERSION = YES;
				CLANG_WARN_OBJC_ROOT_CLASS = YES_ERROR;
				CLANG_WARN_QUOTED_INCLUDE_IN_FRAMEWORK_HEADER = YES;
				CLANG_WARN_RANGE_LOOP_ANALYSIS = YES;
				CLANG_WARN_STRICT_PROTOTYPES = YES;
				CLANG_WARN_SUSPICIOUS_MOVE = YES;
				CLANG_WARN_UNGUARDED_AVAILABILITY = YES_AGGRESSIVE;
				CLANG_WARN_UNREACHABLE_CODE = YES;
				CLANG_WARN__DUPLICATE_METHOD_MATCH = YES;
				COPY_PHASE_STRIP = NO;
				DEBUG_INFORMATION_FORMAT = "dwarf-with-dsym";
				ENABLE_NS_ASSERTIONS = NO;
				ENABLE_STRICT_OBJC_MSGSEND = YES;
				GCC_C_LANGUAGE_STANDARD = gnu11;
				GCC_NO_COMMON_BLOCKS = YES;
				GCC_WARN_64_TO_32_BIT_CONVERSION = YES;
				GCC_WARN_ABOUT_RETURN_TYPE = YES_ERROR;
				GCC_WARN_UNDECLARED_SELECTOR = YES;
				GCC_WARN_UNINITIALIZED_AUTOS = YES_AGGRESSIVE;
				GCC_WARN_UNUSED_FUNCTION = YES;
				GCC_WARN_UNUSED_VARIABLE = YES;
				IPHONEOS_DEPLOYMENT_TARGET = 14.4;
				MTL_ENABLE_DEBUG_INFO = NO;
				MTL_FAST_MATH = YES;
				SDKROOT = iphoneos;
				SWIFT_COMPILATION_MODE = wholemodule;
				SWIFT_OPTIMIZATION_LEVEL = "-O";
				VALIDATE_PRODUCT = YES;
			};
			name = Release;
		};
		F69C3B6A25E2BEF30083D9C4 /* Debug */ = {
			isa = XCBuildConfiguration;
			baseConfigurationReference = 9009CCA36CE0DB95048B1FB5 /* Pods-Tutorial_XLPagerTabStrip.debug.xcconfig */;
			buildSettings = {
				ASSETCATALOG_COMPILER_APPICON_NAME = AppIcon;
				ASSETCATALOG_COMPILER_GLOBAL_ACCENT_COLOR_NAME = AccentColor;
				CODE_SIGN_STYLE = Automatic;
				DEVELOPMENT_TEAM = E98D6ZNGDP;
				INFOPLIST_FILE = Tutorial_XLPagerTabStrip/Info.plist;
				LD_RUNPATH_SEARCH_PATHS = (
					"$(inherited)",
					"@executable_path/Frameworks",
				);
				PRODUCT_BUNDLE_IDENTIFIER = "songwoojin.Tutorial-XLPagerTabStrip";
				PRODUCT_NAME = "$(TARGET_NAME)";
				SWIFT_VERSION = 5.0;
				TARGETED_DEVICE_FAMILY = "1,2";
			};
			name = Debug;
		};
		F69C3B6B25E2BEF30083D9C4 /* Release */ = {
			isa = XCBuildConfiguration;
			baseConfigurationReference = 434B932D84A9EA899A7B1967 /* Pods-Tutorial_XLPagerTabStrip.release.xcconfig */;
			buildSettings = {
				ASSETCATALOG_COMPILER_APPICON_NAME = AppIcon;
				ASSETCATALOG_COMPILER_GLOBAL_ACCENT_COLOR_NAME = AccentColor;
				CODE_SIGN_STYLE = Automatic;
				DEVELOPMENT_TEAM = E98D6ZNGDP;
				INFOPLIST_FILE = Tutorial_XLPagerTabStrip/Info.plist;
				LD_RUNPATH_SEARCH_PATHS = (
					"$(inherited)",
					"@executable_path/Frameworks",
				);
				PRODUCT_BUNDLE_IDENTIFIER = "songwoojin.Tutorial-XLPagerTabStrip";
				PRODUCT_NAME = "$(TARGET_NAME)";
				SWIFT_VERSION = 5.0;
				TARGETED_DEVICE_FAMILY = "1,2";
			};
			name = Release;
		};
/* End XCBuildConfiguration section */

/* Begin XCConfigurationList section */
		F69C3B5025E2BEF10083D9C4 /* Build configuration list for PBXProject "Tutorial_XLPagerTabStrip" */ = {
			isa = XCConfigurationList;
			buildConfigurations = (
				F69C3B6725E2BEF30083D9C4 /* Debug */,
				F69C3B6825E2BEF30083D9C4 /* Release */,
			);
			defaultConfigurationIsVisible = 0;
			defaultConfigurationName = Release;
		};
		F69C3B6925E2BEF30083D9C4 /* Build configuration list for PBXNativeTarget "Tutorial_XLPagerTabStrip" */ = {
			isa = XCConfigurationList;
			buildConfigurations = (
				F69C3B6A25E2BEF30083D9C4 /* Debug */,
				F69C3B6B25E2BEF30083D9C4 /* Release */,
			);
			defaultConfigurationIsVisible = 0;
			defaultConfigurationName = Release;
		};
/* End XCConfigurationList section */
	};
	rootObject = F69C3B4D25E2BEF10083D9C4 /* Project object */;
}
